dependencies:
- name: postgresql
  repository: file://charts/postgres
  version: 0.1.0
- name: front-service
  repository: file://charts/front-service
  version: 0.1.0
- name: user-service
  repository: file://charts/user-service
  version: 0.1.0
- name: kafka
  repository: file://charts/kafka
  version: 1.0.0
- name: kafka-ui
  repository: file://charts/kafka-ui
  version: 1.0.0
digest: sha256:9610827cd0927bbbccf3f19f5f234b5b0385fae556d0e0e0c125df0604e10edf
generated: "2025-08-20T23:27:52.3077181+03:00"
